{
  "name": "testing",
  "version": "1.0.0",
  "lockfileVersion": 1,
  "requires": true,
  "dependencies": {
    "jquery": {
      "version": "3.4.1",
      "resolved": "https://registry.npmjs.org/jquery/-/jquery-3.4.1.tgz",
      "integrity": "sha512-36+AdBzCL+y6qjw5Tx7HgzeGCzC81MDDgaUP8ld2zhx58HdqXGoBd+tHdrBMiyjGQs0Hxs/MLZTu/eHNJJuWPw=="
    },
    "liquidjs": {
      "version": "8.5.1",
      "resolved": "https://registry.npmjs.org/liquidjs/-/liquidjs-8.5.1.tgz",
      "integrity": "sha512-F10Oe44en0gL3/tm8/vm4Prec5UDvSyJ33aGYufRuAf3uhdaxe6zC6OS0Qr3oX7XB1AeT6ZTFJHlCvquE6kRHg=="
    }
  }
}
